{
  "meteor": {
    "git": "https://github.com/meteor/meteor.git",
    "branch": "master",
    "commit": "16cf8a26218ae4650eb36b25ee55c2b5f6a71a31"
  },
  "dependencies": {
    "basePackages": {
      "sugar": {}
    },
    "packages": {
      "sugar": {
        "git": "https://github.com/bevanhunt/meteor-sugar.git",
        "tag": "v0.0.9",
        "commit": "751a4465e0a7d7e4e800e794ca1e6a449e15e63d"
      }
    }
  }
}
